<?xml version="1.0" encoding="utf-8"?>
<Project ToolsVersion="4.0" xmlns="http://schemas.microsoft.com/developer/msbuild/2003">
  <ItemGroup>
    <Filter Include="Source Files">
      <UniqueIdentifier>{4FC737F1-C7A5-4376-A066-2A32D752A2FF}</UniqueIdentifier>
      <Extensions>cpp;c;cc;cxx;def;odl;idl;hpj;bat;asm;asmx</Extensions>
    </Filter>
    <Filter Include="Header Files">
      <UniqueIdentifier>{93995380-89BD-4b04-88EB-625FBE52EBFB}</UniqueIdentifier>
      <Extensions>h;hh;hpp;hxx;hm;inl;inc;xsd</Extensions>
    </Filter>
    <Filter Include="Resource Files">
      <UniqueIdentifier>{67DA6AB6-F800-4c08-8B7A-83BB121AAD01}</UniqueIdentifier>
      <Extensions>rc;ico;cur;bmp;dlg;rc2;rct;bin;rgs;gif;jpg;jpeg;jpe;resx;tiff;tif;png;wav;mfcribbon-ms</Extensions>
    </Filter>
    <Filter Include="Shaders">
      <UniqueIdentifier>{db39f39d-4be4-48cd-9080-72072669b24a}</UniqueIdentifier>
    </Filter>
    <Filter Include="Templates">
      <UniqueIdentifier>{c4a04a02-459f-4388-b022-b346909a9f4b}</UniqueIdentifier>
    </Filter>
    <Filter Include="Assets">
      <UniqueIdentifier>{d3aca5fb-b764-49fe-b37e-1005d9d72fa7}</UniqueIdentifier>
    </Filter>
  </ItemGroup>
  <ItemGroup>
    <ClCompile Include="main.cpp">
      <Filter>Source Files</Filter>
    </ClCompile>
    <ClCompile Include="DX11Demo.cpp">
      <Filter>Source Files</Filter>
    </ClCompile>
    <ClCompile Include="dxerr.cpp">
      <Filter>Source Files</Filter>
    </ClCompile>
    <ClCompile Include="BasicDemo.cpp">
      <Filter>Source Files</Filter>
    </ClCompile>
    <ClCompile Include="Triangle.cpp">
      <Filter>Source Files</Filter>
    </ClCompile>
    <ClCompile Include="SimpleGrass.cpp">
      <Filter>Source Files</Filter>
    </ClCompile>
    <ClCompile Include="Camera.cpp">
      <Filter>Source Files</Filter>
    </ClCompile>
    <ClCompile Include="GameObject.cpp">
      <Filter>Source Files</Filter>
    </ClCompile>
    <ClCompile Include="DXHelper.cpp">
      <Filter>Source Files</Filter>
    </ClCompile>
    <ClCompile Include="Input.cpp">
      <Filter>Source Files</Filter>
    </ClCompile>
    <ClCompile Include="Time.cpp">
      <Filter>Source Files</Filter>
    </ClCompile>
    <ClCompile Include="Plane.cpp">
      <Filter>Source Files</Filter>
    </ClCompile>
    <ClCompile Include="Field.cpp">
      <Filter>Source Files</Filter>
    </ClCompile>
    <ClCompile Include="objLoader.cpp">
      <Filter>Source Files</Filter>
    </ClCompile>
    <ClCompile Include="TokenStream.cpp">
      <Filter>Source Files</Filter>
    </ClCompile>
    <ClCompile Include="Octree.cpp">
      <Filter>Source Files</Filter>
    </ClCompile>
  </ItemGroup>
  <ItemGroup>
    <ClInclude Include="DX11Demo.h">
      <Filter>Header Files</Filter>
    </ClInclude>
    <ClInclude Include="dxerr.h">
      <Filter>Header Files</Filter>
    </ClInclude>
    <ClInclude Include="BasicDemo.h">
      <Filter>Header Files</Filter>
    </ClInclude>
    <ClInclude Include="Triangle.h">
      <Filter>Header Files</Filter>
    </ClInclude>
    <ClInclude Include="GameObject.h">
      <Filter>Header Files</Filter>
    </ClInclude>
    <ClInclude Include="basicVertex.h">
      <Filter>Header Files</Filter>
    </ClInclude>
    <ClInclude Include="SimpleGrass.h">
      <Filter>Header Files</Filter>
    </ClInclude>
    <ClInclude Include="ConstantBuffers.h">
      <Filter>Header Files</Filter>
    </ClInclude>
    <ClInclude Include="Camera.h">
      <Filter>Header Files</Filter>
    </ClInclude>
    <ClInclude Include="DXHelper.h">
      <Filter>Header Files</Filter>
    </ClInclude>
    <ClInclude Include="ServiceLocator.h">
      <Filter>Templates</Filter>
    </ClInclude>
    <ClInclude Include="Input.h">
      <Filter>Header Files</Filter>
    </ClInclude>
    <ClInclude Include="Time.h">
      <Filter>Header Files</Filter>
    </ClInclude>
    <ClInclude Include="DrawData.h">
      <Filter>Header Files</Filter>
    </ClInclude>
    <ClInclude Include="Plane.h">
      <Filter>Header Files</Filter>
    </ClInclude>
    <ClInclude Include="Field.h">
      <Filter>Header Files</Filter>
    </ClInclude>
    <ClInclude Include="FieldRenderData.h">
      <Filter>Header Files</Filter>
    </ClInclude>
    <ClInclude Include="objLoader.h">
      <Filter>Header Files</Filter>
    </ClInclude>
    <ClInclude Include="TokenStream.h">
      <Filter>Header Files</Filter>
    </ClInclude>
    <ClInclude Include="Shorthand.h">
      <Filter>Header Files</Filter>
    </ClInclude>
    <ClInclude Include="Octree.h">
      <Filter>Header Files</Filter>
    </ClInclude>
  </ItemGroup>
  <ItemGroup>
    <FxCompile Include="SolidGreenColour.fx">
      <Filter>Shaders</Filter>
    </FxCompile>
    <FxCompile Include="SimpleGrass.fx">
      <Filter>Shaders</Filter>
    </FxCompile>
    <FxCompile Include="BasicShader.fx">
      <Filter>Shaders</Filter>
    </FxCompile>
    <FxCompile Include="Field.fx">
      <Filter>Shaders</Filter>
    </FxCompile>
  </ItemGroup>
  <ItemGroup>
    <None Include="packages.config" />
  </ItemGroup>
  <ItemGroup>
    <Image Include="..\Resources\GRASS.dds">
      <Filter>Assets</Filter>
    </Image>
  </ItemGroup>
</Project>